// !$*UTF8*$!
{
	archiveVersion = 1;
	classes = {
	};
	objectVersion = 50;
	objects = {

/* Begin PBXBuildFile section */
		9F2923802804A31700BD7A8B /* NetworkService.swift in Sources */ = {isa = PBXBuildFile; fileRef = 9F29237F2804A31700BD7A8B /* NetworkService.swift */; };
		9F83696B27FED7DD00A0544B /* Rocket.swift in Sources */ = {isa = PBXBuildFile; fileRef = 9F83696A27FED7DD00A0544B /* Rocket.swift */; };
		9F83697027FEDAC100A0544B /* RocketViewController.swift in Sources */ = {isa = PBXBuildFile; fileRef = 9F83696F27FEDAC100A0544B /* RocketViewController.swift */; };
		9F83698327FF762800A0544B /* HorizontalParametersScrollView.xib in Resources */ = {isa = PBXBuildFile; fileRef = 9F83698227FF762800A0544B /* HorizontalParametersScrollView.xib */; };
		9F83698627FF79C400A0544B /* HorizontalParameters.swift in Sources */ = {isa = PBXBuildFile; fileRef = 9F83698527FF79C400A0544B /* HorizontalParameters.swift */; };
		9F9C1AED2808860000DA9357 /* StartsTableViewController.swift in Sources */ = {isa = PBXBuildFile; fileRef = 9F9C1AEC2808860000DA9357 /* StartsTableViewController.swift */; };
		9F9C1AF02808877300DA9357 /* Api.swift in Sources */ = {isa = PBXBuildFile; fileRef = 9F9C1AEF2808877300DA9357 /* Api.swift */; };
		9F9C1AF828088B5100DA9357 /* StartsTableViewCell.swift in Sources */ = {isa = PBXBuildFile; fileRef = 9F9C1AF628088B5100DA9357 /* StartsTableViewCell.swift */; };
		9F9C1AF928088B5100DA9357 /* StartsTableViewCell.xib in Resources */ = {isa = PBXBuildFile; fileRef = 9F9C1AF728088B5100DA9357 /* StartsTableViewCell.xib */; };
		9FA9664627FC9EC20023FEEB /* AppDelegate.swift in Sources */ = {isa = PBXBuildFile; fileRef = 9FA9664527FC9EC20023FEEB /* AppDelegate.swift */; };
		9FA9664827FC9EC20023FEEB /* SceneDelegate.swift in Sources */ = {isa = PBXBuildFile; fileRef = 9FA9664727FC9EC20023FEEB /* SceneDelegate.swift */; };
		9FA9664D27FC9EC20023FEEB /* Main.storyboard in Resources */ = {isa = PBXBuildFile; fileRef = 9FA9664B27FC9EC20023FEEB /* Main.storyboard */; };
		9FA9664F27FC9EC40023FEEB /* Assets.xcassets in Resources */ = {isa = PBXBuildFile; fileRef = 9FA9664E27FC9EC40023FEEB /* Assets.xcassets */; };
		9FA9665227FC9EC40023FEEB /* LaunchScreen.storyboard in Resources */ = {isa = PBXBuildFile; fileRef = 9FA9665027FC9EC40023FEEB /* LaunchScreen.storyboard */; };
/* End PBXBuildFile section */

/* Begin PBXFileReference section */
		9F29237F2804A31700BD7A8B /* NetworkService.swift */ = {isa = PBXFileReference; lastKnownFileType = sourcecode.swift; path = NetworkService.swift; sourceTree = "<group>"; };
		9F83696A27FED7DD00A0544B /* Rocket.swift */ = {isa = PBXFileReference; lastKnownFileType = sourcecode.swift; path = Rocket.swift; sourceTree = "<group>"; };
		9F83696F27FEDAC100A0544B /* RocketViewController.swift */ = {isa = PBXFileReference; lastKnownFileType = sourcecode.swift; path = RocketViewController.swift; sourceTree = "<group>"; };
		9F83698227FF762800A0544B /* HorizontalParametersScrollView.xib */ = {isa = PBXFileReference; lastKnownFileType = file.xib; path = HorizontalParametersScrollView.xib; sourceTree = "<group>"; };
		9F83698527FF79C400A0544B /* HorizontalParameters.swift */ = {isa = PBXFileReference; lastKnownFileType = sourcecode.swift; path = HorizontalParameters.swift; sourceTree = "<group>"; };
		9F9C1AEC2808860000DA9357 /* StartsTableViewController.swift */ = {isa = PBXFileReference; lastKnownFileType = sourcecode.swift; path = StartsTableViewController.swift; sourceTree = "<group>"; };
		9F9C1AEF2808877300DA9357 /* Api.swift */ = {isa = PBXFileReference; lastKnownFileType = sourcecode.swift; path = Api.swift; sourceTree = "<group>"; };
		9F9C1AF628088B5100DA9357 /* StartsTableViewCell.swift */ = {isa = PBXFileReference; lastKnownFileType = sourcecode.swift; path = StartsTableViewCell.swift; sourceTree = "<group>"; };
		9F9C1AF728088B5100DA9357 /* StartsTableViewCell.xib */ = {isa = PBXFileReference; lastKnownFileType = file.xib; path = StartsTableViewCell.xib; sourceTree = "<group>"; };
		9FA9664227FC9EC20023FEEB /* SpaceX.app */ = {isa = PBXFileReference; explicitFileType = wrapper.application; includeInIndex = 0; path = SpaceX.app; sourceTree = BUILT_PRODUCTS_DIR; };
		9FA9664527FC9EC20023FEEB /* AppDelegate.swift */ = {isa = PBXFileReference; lastKnownFileType = sourcecode.swift; path = AppDelegate.swift; sourceTree = "<group>"; };
		9FA9664727FC9EC20023FEEB /* SceneDelegate.swift */ = {isa = PBXFileReference; lastKnownFileType = sourcecode.swift; path = SceneDelegate.swift; sourceTree = "<group>"; };
		9FA9664C27FC9EC20023FEEB /* Base */ = {isa = PBXFileReference; lastKnownFileType = file.storyboard; name = Base; path = Base.lproj/Main.storyboard; sourceTree = "<group>"; };
		9FA9664E27FC9EC40023FEEB /* Assets.xcassets */ = {isa = PBXFileReference; lastKnownFileType = folder.assetcatalog; path = Assets.xcassets; sourceTree = "<group>"; };
		9FA9665127FC9EC40023FEEB /* Base */ = {isa = PBXFileReference; lastKnownFileType = file.storyboard; name = Base; path = Base.lproj/LaunchScreen.storyboard; sourceTree = "<group>"; };
		9FA9665327FC9EC40023FEEB /* Info.plist */ = {isa = PBXFileReference; lastKnownFileType = text.plist.xml; path = Info.plist; sourceTree = "<group>"; };
/* End PBXFileReference section */

/* Begin PBXFrameworksBuildPhase section */
		9FA9663F27FC9EC20023FEEB /* Frameworks */ = {
			isa = PBXFrameworksBuildPhase;
			buildActionMask = 2147483647;
			files = (
			);
			runOnlyForDeploymentPostprocessing = 0;
		};
/* End PBXFrameworksBuildPhase section */

/* Begin PBXGroup section */
		9F29237828046CBE00BD7A8B /* Network */ = {
			isa = PBXGroup;
			children = (
				9F29237F2804A31700BD7A8B /* NetworkService.swift */,
				9F9C1AEF2808877300DA9357 /* Api.swift */,
			);
			path = Network;
			sourceTree = "<group>";
		};
		9F83696D27FED7EF00A0544B /* Model */ = {
			isa = PBXGroup;
			children = (
				9F83696A27FED7DD00A0544B /* Rocket.swift */,
			);
			path = Model;
			sourceTree = "<group>";
		};
		9F93FA5D2812965600BDE169 /* Supporting Files */ = {
			isa = PBXGroup;
			children = (
				9FA9664527FC9EC20023FEEB /* AppDelegate.swift */,
				9FA9664727FC9EC20023FEEB /* SceneDelegate.swift */,
				9FA9664B27FC9EC20023FEEB /* Main.storyboard */,
				9FA9665027FC9EC40023FEEB /* LaunchScreen.storyboard */,
			);
			path = "Supporting Files";
			sourceTree = "<group>";
		};
		9F93FA612812966D00BDE169 /* Controllers */ = {
			isa = PBXGroup;
			children = (
				9F93FA642812972700BDE169 /* RocketViewController */,
				9F93FA662812977700BDE169 /* StartsTableViewController */,
			);
			path = Controllers;
			sourceTree = "<group>";
		};
		9F93FA642812972700BDE169 /* RocketViewController */ = {
			isa = PBXGroup;
			children = (
				9F83696F27FEDAC100A0544B /* RocketViewController.swift */,
				9F83698527FF79C400A0544B /* HorizontalParameters.swift */,
				9F93FA672812978D00BDE169 /* xib */,
			);
			path = RocketViewController;
			sourceTree = "<group>";
		};
		9F93FA662812977700BDE169 /* StartsTableViewController */ = {
			isa = PBXGroup;
			children = (
				9F9C1AEC2808860000DA9357 /* StartsTableViewController.swift */,
				9F9C1AF628088B5100DA9357 /* StartsTableViewCell.swift */,
				9F93FA682812979900BDE169 /* xib */,
			);
			path = StartsTableViewController;
			sourceTree = "<group>";
		};
		9F93FA672812978D00BDE169 /* xib */ = {
			isa = PBXGroup;
			children = (
				9F83698227FF762800A0544B /* HorizontalParametersScrollView.xib */,
			);
			path = xib;
			sourceTree = "<group>";
		};
		9F93FA682812979900BDE169 /* xib */ = {
			isa = PBXGroup;
			children = (
				9F9C1AF728088B5100DA9357 /* StartsTableViewCell.xib */,
			);
			path = xib;
			sourceTree = "<group>";
		};
		9FA9663927FC9EC20023FEEB = {
			isa = PBXGroup;
			children = (
				9FA9664427FC9EC20023FEEB /* SpaceX */,
				9FA9664327FC9EC20023FEEB /* Products */,
			);
			sourceTree = "<group>";
		};
		9FA9664327FC9EC20023FEEB /* Products */ = {
			isa = PBXGroup;
			children = (
				9FA9664227FC9EC20023FEEB /* SpaceX.app */,
			);
			name = Products;
			sourceTree = "<group>";
		};
		9FA9664427FC9EC20023FEEB /* SpaceX */ = {
			isa = PBXGroup;
			children = (
				9FA9664E27FC9EC40023FEEB /* Assets.xcassets */,
				9FA9665327FC9EC40023FEEB /* Info.plist */,
				9F93FA5D2812965600BDE169 /* Supporting Files */,
				9F93FA612812966D00BDE169 /* Controllers */,
				9F83696D27FED7EF00A0544B /* Model */,
				9F29237828046CBE00BD7A8B /* Network */,
			);
			path = SpaceX;
			sourceTree = "<group>";
		};
/* End PBXGroup section */

/* Begin PBXNativeTarget section */
		9FA9664127FC9EC20023FEEB /* SpaceX */ = {
			isa = PBXNativeTarget;
			buildConfigurationList = 9FA9665627FC9EC40023FEEB /* Build configuration list for PBXNativeTarget "SpaceX" */;
			buildPhases = (
				9FA9663E27FC9EC20023FEEB /* Sources */,
				9FA9663F27FC9EC20023FEEB /* Frameworks */,
				9FA9664027FC9EC20023FEEB /* Resources */,
			);
			buildRules = (
			);
			dependencies = (
			);
			name = SpaceX;
			productName = SpaceX;
			productReference = 9FA9664227FC9EC20023FEEB /* SpaceX.app */;
			productType = "com.apple.product-type.application";
		};
/* End PBXNativeTarget section */

/* Begin PBXProject section */
		9FA9663A27FC9EC20023FEEB /* Project object */ = {
			isa = PBXProject;
			attributes = {
				LastSwiftUpdateCheck = 1240;
				LastUpgradeCheck = 1240;
				TargetAttributes = {
					9FA9664127FC9EC20023FEEB = {
						CreatedOnToolsVersion = 12.4;
					};
				};
			};
			buildConfigurationList = 9FA9663D27FC9EC20023FEEB /* Build configuration list for PBXProject "SpaceX" */;
			compatibilityVersion = "Xcode 9.3";
			developmentRegion = en;
			hasScannedForEncodings = 0;
			knownRegions = (
				en,
				Base,
			);
			mainGroup = 9FA9663927FC9EC20023FEEB;
			productRefGroup = 9FA9664327FC9EC20023FEEB /* Products */;
			projectDirPath = "";
			projectRoot = "";
			targets = (
				9FA9664127FC9EC20023FEEB /* SpaceX */,
			);
		};
/* End PBXProject section */

/* Begin PBXResourcesBuildPhase section */
		9FA9664027FC9EC20023FEEB /* Resources */ = {
			isa = PBXResourcesBuildPhase;
			buildActionMask = 2147483647;
			files = (
				9FA9665227FC9EC40023FEEB /* LaunchScreen.storyboard in Resources */,
				9FA9664F27FC9EC40023FEEB /* Assets.xcassets in Resources */,
				9F9C1AF928088B5100DA9357 /* StartsTableViewCell.xib in Resources */,
				9FA9664D27FC9EC20023FEEB /* Main.storyboard in Resources */,
				9F83698327FF762800A0544B /* HorizontalParametersScrollView.xib in Resources */,
			);
			runOnlyForDeploymentPostprocessing = 0;
		};
/* End PBXResourcesBuildPhase section */

/* Begin PBXSourcesBuildPhase section */
		9FA9663E27FC9EC20023FEEB /* Sources */ = {
			isa = PBXSourcesBuildPhase;
			buildActionMask = 2147483647;
			files = (
				9F83698627FF79C400A0544B /* HorizontalParameters.swift in Sources */,
				9FA9664627FC9EC20023FEEB /* AppDelegate.swift in Sources */,
				9F83697027FEDAC100A0544B /* RocketViewController.swift in Sources */,
				9F2923802804A31700BD7A8B /* NetworkService.swift in Sources */,
				9FA9664827FC9EC20023FEEB /* SceneDelegate.swift in Sources */,
				9F83696B27FED7DD00A0544B /* Rocket.swift in Sources */,
				9F9C1AF02808877300DA9357 /* Api.swift in Sources */,
				9F9C1AF828088B5100DA9357 /* StartsTableViewCell.swift in Sources */,
				9F9C1AED2808860000DA9357 /* StartsTableViewController.swift in Sources */,
			);
			runOnlyForDeploymentPostprocessing = 0;
		};
/* End PBXSourcesBuildPhase section */

/* Begin PBXVariantGroup section */
		9FA9664B27FC9EC20023FEEB /* Main.storyboard */ = {
			isa = PBXVariantGroup;
			children = (
				9FA9664C27FC9EC20023FEEB /* Base */,
			);
			name = Main.storyboard;
			sourceTree = "<group>";
		};
		9FA9665027FC9EC40023FEEB /* LaunchScreen.storyboard */ = {
			isa = PBXVariantGroup;
			children = (
				9FA9665127FC9EC40023FEEB /* Base */,
			);
			name = LaunchScreen.storyboard;
			sourceTree = "<group>";
		};
/* End PBXVariantGroup section */

/* Begin XCBuildConfiguration section */
		9FA9665427FC9EC40023FEEB /* Debug */ = {
			isa = XCBuildConfiguration;
			buildSettings = {
				ALWAYS_SEARCH_USER_PATHS = NO;
				CLANG_ANALYZER_NONNULL = YES;
				CLANG_ANALYZER_NUMBER_OBJECT_CONVERSION = YES_AGGRESSIVE;
				CLANG_CXX_LANGUAGE_STANDARD = "gnu++14";
				CLANG_CXX_LIBRARY = "libc++";
				CLANG_ENABLE_MODULES = YES;
				CLANG_ENABLE_OBJC_ARC = YES;
				CLANG_ENABLE_OBJC_WEAK = YES;
				CLANG_WARN_BLOCK_CAPTURE_AUTORELEASING = YES;
				CLANG_WARN_BOOL_CONVERSION = YES;
				CLANG_WARN_COMMA = YES;
				CLANG_WARN_CONSTANT_CONVERSION = YES;
				CLANG_WARN_DEPRECATED_OBJC_IMPLEMENTATIONS = YES;
				CLANG_WARN_DIRECT_OBJC_ISA_USAGE = YES_ERROR;
				CLANG_WARN_DOCUMENTATION_COMMENTS = YES;
				CLANG_WARN_EMPTY_BODY = YES;
				CLANG_WARN_ENUM_CONVERSION = YES;
				CLANG_WARN_INFINITE_RECURSION = YES;
				CLANG_WARN_INT_CONVERSION = YES;
				CLANG_WARN_NON_LITERAL_NULL_CONVERSION = YES;
				CLANG_WARN_OBJC_IMPLICIT_RETAIN_SELF = YES;
				CLANG_WARN_OBJC_LITERAL_CONVERSION = YES;
				CLANG_WARN_OBJC_ROOT_CLASS = YES_ERROR;
				CLANG_WARN_QUOTED_INCLUDE_IN_FRAMEWORK_HEADER = YES;
				CLANG_WARN_RANGE_LOOP_ANALYSIS = YES;
				CLANG_WARN_STRICT_PROTOTYPES = YES;
				CLANG_WARN_SUSPICIOUS_MOVE = YES;
				CLANG_WARN_UNGUARDED_AVAILABILITY = YES_AGGRESSIVE;
				CLANG_WARN_UNREACHABLE_CODE = YES;
				CLANG_WARN__DUPLICATE_METHOD_MATCH = YES;
				COPY_PHASE_STRIP = NO;
				DEBUG_INFORMATION_FORMAT = dwarf;
				ENABLE_STRICT_OBJC_MSGSEND = YES;
				ENABLE_TESTABILITY = YES;
				GCC_C_LANGUAGE_STANDARD = gnu11;
				GCC_DYNAMIC_NO_PIC = NO;
				GCC_NO_COMMON_BLOCKS = YES;
				GCC_OPTIMIZATION_LEVEL = 0;
				GCC_PREPROCESSOR_DEFINITIONS = (
					"DEBUG=1",
					"$(inherited)",
				);
				GCC_WARN_64_TO_32_BIT_CONVERSION = YES;
				GCC_WARN_ABOUT_RETURN_TYPE = YES_ERROR;
				GCC_WARN_UNDECLARED_SELECTOR = YES;
				GCC_WARN_UNINITIALIZED_AUTOS = YES_AGGRESSIVE;
				GCC_WARN_UNUSED_FUNCTION = YES;
				GCC_WARN_UNUSED_VARIABLE = YES;
				IPHONEOS_DEPLOYMENT_TARGET = 14.4;
				MTL_ENABLE_DEBUG_INFO = INCLUDE_SOURCE;
				MTL_FAST_MATH = YES;
				ONLY_ACTIVE_ARCH = YES;
				SDKROOT = iphoneos;
				SWIFT_ACTIVE_COMPILATION_CONDITIONS = DEBUG;
				SWIFT_OPTIMIZATION_LEVEL = "-Onone";
			};
			name = Debug;
		};
		9FA9665527FC9EC40023FEEB /* Release */ = {
			isa = XCBuildConfiguration;
			buildSettings = {
				ALWAYS_SEARCH_USER_PATHS = NO;
				CLANG_ANALYZER_NONNULL = YES;
				CLANG_ANALYZER_NUMBER_OBJECT_CONVERSION = YES_AGGRESSIVE;
				CLANG_CXX_LANGUAGE_STANDARD = "gnu++14";
				CLANG_CXX_LIBRARY = "libc++";
				CLANG_ENABLE_MODULES = YES;
				CLANG_ENABLE_OBJC_ARC = YES;
				CLANG_ENABLE_OBJC_WEAK = YES;
				CLANG_WARN_BLOCK_CAPTURE_AUTORELEASING = YES;
				CLANG_WARN_BOOL_CONVERSION = YES;
				CLANG_WARN_COMMA = YES;
				CLANG_WARN_CONSTANT_CONVERSION = YES;
				CLANG_WARN_DEPRECATED_OBJC_IMPLEMENTATIONS = YES;
				CLANG_WARN_DIRECT_OBJC_ISA_USAGE = YES_ERROR;
				CLANG_WARN_DOCUMENTATION_COMMENTS = YES;
				CLANG_WARN_EMPTY_BODY = YES;
				CLANG_WARN_ENUM_CONVERSION = YES;
				CLANG_WARN_INFINITE_RECURSION = YES;
				CLANG_WARN_INT_CONVERSION = YES;
				CLANG_WARN_NON_LITERAL_NULL_CONVERSION = YES;
				CLANG_WARN_OBJC_IMPLICIT_RETAIN_SELF = YES;
				CLANG_WARN_OBJC_LITERAL_CONVERSION = YES;
				CLANG_WARN_OBJC_ROOT_CLASS = YES_ERROR;
				CLANG_WARN_QUOTED_INCLUDE_IN_FRAMEWORK_HEADER = YES;
				CLANG_WARN_RANGE_LOOP_ANALYSIS = YES;
				CLANG_WARN_STRICT_PROTOTYPES = YES;
				CLANG_WARN_SUSPICIOUS_MOVE = YES;
				CLANG_WARN_UNGUARDED_AVAILABILITY = YES_AGGRESSIVE;
				CLANG_WARN_UNREACHABLE_CODE = YES;
				CLANG_WARN__DUPLICATE_METHOD_MATCH = YES;
				COPY_PHASE_STRIP = NO;
				DEBUG_INFORMATION_FORMAT = "dwarf-with-dsym";
				ENABLE_NS_ASSERTIONS = NO;
				ENABLE_STRICT_OBJC_MSGSEND = YES;
				GCC_C_LANGUAGE_STANDARD = gnu11;
				GCC_NO_COMMON_BLOCKS = YES;
				GCC_WARN_64_TO_32_BIT_CONVERSION = YES;
				GCC_WARN_ABOUT_RETURN_TYPE = YES_ERROR;
				GCC_WARN_UNDECLARED_SELECTOR = YES;
				GCC_WARN_UNINITIALIZED_AUTOS = YES_AGGRESSIVE;
				GCC_WARN_UNUSED_FUNCTION = YES;
				GCC_WARN_UNUSED_VARIABLE = YES;
				IPHONEOS_DEPLOYMENT_TARGET = 14.4;
				MTL_ENABLE_DEBUG_INFO = NO;
				MTL_FAST_MATH = YES;
				SDKROOT = iphoneos;
				SWIFT_COMPILATION_MODE = wholemodule;
				SWIFT_OPTIMIZATION_LEVEL = "-O";
				VALIDATE_PRODUCT = YES;
			};
			name = Release;
		};
		9FA9665727FC9EC40023FEEB /* Debug */ = {
			isa = XCBuildConfiguration;
			buildSettings = {
				ASSETCATALOG_COMPILER_APPICON_NAME = AppIcon;
				ASSETCATALOG_COMPILER_GLOBAL_ACCENT_COLOR_NAME = AccentColor;
				CODE_SIGN_STYLE = Automatic;
				DEVELOPMENT_TEAM = X8KHXL86W5;
				INFOPLIST_FILE = SpaceX/Info.plist;
				IPHONEOS_DEPLOYMENT_TARGET = 13.0;
				LD_RUNPATH_SEARCH_PATHS = (
					"$(inherited)",
					"@executable_path/Frameworks",
				);
				PRODUCT_BUNDLE_IDENTIFIER = ru.SpaceX;
				PRODUCT_NAME = "$(TARGET_NAME)";
				SWIFT_VERSION = 5.0;
				TARGETED_DEVICE_FAMILY = 1;
			};
			name = Debug;
		};
		9FA9665827FC9EC40023FEEB /* Release */ = {
			isa = XCBuildConfiguration;
			buildSettings = {
				ASSETCATALOG_COMPILER_APPICON_NAME = AppIcon;
				ASSETCATALOG_COMPILER_GLOBAL_ACCENT_COLOR_NAME = AccentColor;
				CODE_SIGN_STYLE = Automatic;
				DEVELOPMENT_TEAM = X8KHXL86W5;
				INFOPLIST_FILE = SpaceX/Info.plist;
				IPHONEOS_DEPLOYMENT_TARGET = 13.0;
				LD_RUNPATH_SEARCH_PATHS = (
					"$(inherited)",
					"@executable_path/Frameworks",
				);
				PRODUCT_BUNDLE_IDENTIFIER = ru.SpaceX;
				PRODUCT_NAME = "$(TARGET_NAME)";
				SWIFT_VERSION = 5.0;
				TARGETED_DEVICE_FAMILY = 1;
			};
			name = Release;
		};
/* End XCBuildConfiguration section */

/* Begin XCConfigurationList section */
		9FA9663D27FC9EC20023FEEB /* Build configuration list for PBXProject "SpaceX" */ = {
			isa = XCConfigurationList;
			buildConfigurations = (
				9FA9665427FC9EC40023FEEB /* Debug */,
				9FA9665527FC9EC40023FEEB /* Release */,
			);
			defaultConfigurationIsVisible = 0;
			defaultConfigurationName = Release;
		};
		9FA9665627FC9EC40023FEEB /* Build configuration list for PBXNativeTarget "SpaceX" */ = {
			isa = XCConfigurationList;
			buildConfigurations = (
				9FA9665727FC9EC40023FEEB /* Debug */,
				9FA9665827FC9EC40023FEEB /* Release */,
			);
			defaultConfigurationIsVisible = 0;
			defaultConfigurationName = Release;
		};
/* End XCConfigurationList section */
	};
	rootObject = 9FA9663A27FC9EC20023FEEB /* Project object */;
}
